{
  "name": "types-from-git-test",
  "version": "1.0.0",
  "lockfileVersion": 1,
  "requires": true,
  "dependencies": {
    "types-from-git": {
      "version": "git+https://github.com/adrian-filipow/types-from-git.git#2e5c037cd70ed5d4caeee08c86816707625c7c9c",
      "from": "git+https://github.com/adrian-filipow/types-from-git.git",
      "dev": true
    }
  }
}
